
Microsoft Visual Studio Solution File, Format Version 12.00
# Visual Studio 15
VisualStudioVersion = 15.0.28307.102
MinimumVisualStudioVersion = 10.0.40219.1
Project("{FAE04EC0-301F-11D3-BF4B-00C04F79EFBC}") = "AngleManager", "AngleManager\AngleManager.csproj", "{456BC0B9-50D7-407D-B53A-C112ED64F6C0}"
EndProject
Project("{FAE04EC0-301F-11D3-BF4B-00C04F79EFBC}") = "AngleManagerTest", "AngleManagerTest\AngleManagerTest.csproj", "{CA730FF3-603C-4A09-9F30-6049EF32472B}"
EndProject
Global
	GlobalSection(SolutionConfigurationPlatforms) = preSolution
		Debug|Any CPU = Debug|Any CPU
		Release|Any CPU = Release|Any CPU
	EndGlobalSection
	GlobalSection(ProjectConfigurationPlatforms) = postSolution
		{456BC0B9-50D7-407D-B53A-C112ED64F6C0}.Debug|Any CPU.ActiveCfg = Debug|Any CPU
		{456BC0B9-50D7-407D-B53A-C112ED64F6C0}.Debug|Any CPU.Build.0 = Debug|Any CPU
		{456BC0B9-50D7-407D-B53A-C112ED64F6C0}.Release|Any CPU.ActiveCfg = Release|Any CPU
		{456BC0B9-50D7-407D-B53A-C112ED64F6C0}.Release|Any CPU.Build.0 = Release|Any CPU
		{CA730FF3-603C-4A09-9F30-6049EF32472B}.Debug|Any CPU.ActiveCfg = Debug|Any CPU
		{CA730FF3-603C-4A09-9F30-6049EF32472B}.Debug|Any CPU.Build.0 = Debug|Any CPU
		{CA730FF3-603C-4A09-9F30-6049EF32472B}.Release|Any CPU.ActiveCfg = Release|Any CPU
		{CA730FF3-603C-4A09-9F30-6049EF32472B}.Release|Any CPU.Build.0 = Release|Any CPU
	EndGlobalSection
	GlobalSection(SolutionProperties) = preSolution
		HideSolutionNode = FALSE
	EndGlobalSection
	GlobalSection(ExtensibilityGlobals) = postSolution
		SolutionGuid = {DCE36762-BE86-47B0-9496-06AD7A4B9DFF}
	EndGlobalSection
EndGlobal
